
Microsoft Visual Studio Solution File, Format Version 12.00
# Visual Studio Version 16
VisualStudioVersion = 16.0.31205.134
MinimumVisualStudioVersion = 10.0.40219.1
Project("{2150E333-8FDC-42A3-9474-1A3956D46DE8}") = "Tests", "Tests", "{DA668292-0CA7-4AE4-855D-55B4AC1285DA}"
EndProject
Project("{2150E333-8FDC-42A3-9474-1A3956D46DE8}") = "Modules", "Modules", "{EF113FB3-E953-4A35-A51D-717C2BA0C951}"
EndProject
Project("{2150E333-8FDC-42A3-9474-1A3956D46DE8}") = "Services", "Services", "{64CFA3A6-D5AB-4E8E-B65A-EB28A281FDD2}"
EndProject
Project("{9A19103F-16F7-4668-BE54-9A1E7A4F7556}") = "DigitalMegaFlareOffline.Services", "DigitalMegaFlareOffline\Services\DigitalMegaFlareOffline.Services\DigitalMegaFlareOffline.Services.csproj", "{9C0F1382-D0B5-4A6C-B3B5-35FCB59FFDA2}"
EndProject
Project("{9A19103F-16F7-4668-BE54-9A1E7A4F7556}") = "DigitalMegaFlareOffline", "DigitalMegaFlareOffline\DigitalMegaFlareOffline\DigitalMegaFlareOffline.csproj", "{A629B6EA-1A1E-49BE-BD82-E88B34CFF01E}"
EndProject
Project("{9A19103F-16F7-4668-BE54-9A1E7A4F7556}") = "DigitalMegaFlareOffline.Modules.Common", "DigitalMegaFlareOffline.Modules.Common\DigitalMegaFlareOffline.Modules.Common.csproj", "{FA101D11-0C47-4838-ADEF-A15917BF47A8}"
EndProject
Project("{9A19103F-16F7-4668-BE54-9A1E7A4F7556}") = "DigitalMegaFlareOffline.Modules.Common.Tests", "DigitalMegaFlareOffline.Modules.Common.Tests\DigitalMegaFlareOffline.Modules.Common.Tests.csproj", "{78892A37-A819-4A40-A8D1-C6EF0015575D}"
EndProject
Project("{9A19103F-16F7-4668-BE54-9A1E7A4F7556}") = "MinteaCore", "..\Mintea\MinteaCore\MinteaCore.csproj", "{5DBE0D4A-A005-4F10-B068-618DA04B6E3F}"
EndProject
Project("{9A19103F-16F7-4668-BE54-9A1E7A4F7556}") = "MithrilCube", "..\MithrilCube\MithrilCube\MithrilCube.csproj", "{2A4CBA8C-8A61-46FF-A370-74DCFAFA1692}"
EndProject
Global
	GlobalSection(SolutionConfigurationPlatforms) = preSolution
		Debug|Any CPU = Debug|Any CPU
		Release|Any CPU = Release|Any CPU
	EndGlobalSection
	GlobalSection(ProjectConfigurationPlatforms) = postSolution
		{9C0F1382-D0B5-4A6C-B3B5-35FCB59FFDA2}.Debug|Any CPU.ActiveCfg = Debug|Any CPU
		{9C0F1382-D0B5-4A6C-B3B5-35FCB59FFDA2}.Debug|Any CPU.Build.0 = Debug|Any CPU
		{9C0F1382-D0B5-4A6C-B3B5-35FCB59FFDA2}.Release|Any CPU.ActiveCfg = Release|Any CPU
		{9C0F1382-D0B5-4A6C-B3B5-35FCB59FFDA2}.Release|Any CPU.Build.0 = Release|Any CPU
		{A629B6EA-1A1E-49BE-BD82-E88B34CFF01E}.Debug|Any CPU.ActiveCfg = Debug|Any CPU
		{A629B6EA-1A1E-49BE-BD82-E88B34CFF01E}.Debug|Any CPU.Build.0 = Debug|Any CPU
		{A629B6EA-1A1E-49BE-BD82-E88B34CFF01E}.Release|Any CPU.ActiveCfg = Release|Any CPU
		{A629B6EA-1A1E-49BE-BD82-E88B34CFF01E}.Release|Any CPU.Build.0 = Release|Any CPU
		{FA101D11-0C47-4838-ADEF-A15917BF47A8}.Debug|Any CPU.ActiveCfg = Debug|Any CPU
		{FA101D11-0C47-4838-ADEF-A15917BF47A8}.Debug|Any CPU.Build.0 = Debug|Any CPU
		{FA101D11-0C47-4838-ADEF-A15917BF47A8}.Release|Any CPU.ActiveCfg = Release|Any CPU
		{FA101D11-0C47-4838-ADEF-A15917BF47A8}.Release|Any CPU.Build.0 = Release|Any CPU
		{78892A37-A819-4A40-A8D1-C6EF0015575D}.Debug|Any CPU.ActiveCfg = Debug|Any CPU
		{78892A37-A819-4A40-A8D1-C6EF0015575D}.Debug|Any CPU.Build.0 = Debug|Any CPU
		{78892A37-A819-4A40-A8D1-C6EF0015575D}.Release|Any CPU.ActiveCfg = Release|Any CPU
		{78892A37-A819-4A40-A8D1-C6EF0015575D}.Release|Any CPU.Build.0 = Release|Any CPU
		{5DBE0D4A-A005-4F10-B068-618DA04B6E3F}.Debug|Any CPU.ActiveCfg = Debug|Any CPU
		{5DBE0D4A-A005-4F10-B068-618DA04B6E3F}.Debug|Any CPU.Build.0 = Debug|Any CPU
		{5DBE0D4A-A005-4F10-B068-618DA04B6E3F}.Release|Any CPU.ActiveCfg = Release|Any CPU
		{5DBE0D4A-A005-4F10-B068-618DA04B6E3F}.Release|Any CPU.Build.0 = Release|Any CPU
		{2A4CBA8C-8A61-46FF-A370-74DCFAFA1692}.Debug|Any CPU.ActiveCfg = Debug|Any CPU
		{2A4CBA8C-8A61-46FF-A370-74DCFAFA1692}.Debug|Any CPU.Build.0 = Debug|Any CPU
		{2A4CBA8C-8A61-46FF-A370-74DCFAFA1692}.Release|Any CPU.ActiveCfg = Release|Any CPU
		{2A4CBA8C-8A61-46FF-A370-74DCFAFA1692}.Release|Any CPU.Build.0 = Release|Any CPU
	EndGlobalSection
	GlobalSection(SolutionProperties) = preSolution
		HideSolutionNode = FALSE
	EndGlobalSection
	GlobalSection(NestedProjects) = preSolution
		{9C0F1382-D0B5-4A6C-B3B5-35FCB59FFDA2} = {64CFA3A6-D5AB-4E8E-B65A-EB28A281FDD2}
		{FA101D11-0C47-4838-ADEF-A15917BF47A8} = {EF113FB3-E953-4A35-A51D-717C2BA0C951}
		{78892A37-A819-4A40-A8D1-C6EF0015575D} = {DA668292-0CA7-4AE4-855D-55B4AC1285DA}
	EndGlobalSection
	GlobalSection(ExtensibilityGlobals) = postSolution
		SolutionGuid = {15E68241-E827-4397-A375-2867C926DAFD}
	EndGlobalSection
EndGlobal
